{
  "version": 1,
  "dependencies": {
    "net6.0-windows7.0": {
      "DalamudPackager": {
        "type": "Direct",
        "requested": "[2.1.7, )",
        "resolved": "2.1.7",
        "contentHash": "jnZ/sdInyn07ycuWI+pPOtP/xE3v+c4+jYJfDt36FWnBF9NKqkpzfviJtPl/jGLgbaCmFIXu+Yid0N8GvdKefg=="
      },
      "EmbedIO": {
        "type": "Direct",
        "requested": "[3.4.3, )",
        "resolved": "3.4.3",
        "contentHash": "YM6hpZNAfvbbixfG9T4lWDGfF0D/TqutbTROL4ogVcHKwPF1hp+xS3ABwd3cxxTxvDFkj/zZl57QgWuFA8Igxw==",
        "dependencies": {
          "Unosquare.Swan.Lite": "3.0.0"
        }
      },
      "JetBrains.Annotations": {
        "type": "Direct",
        "requested": "[2022.1.0, )",
        "resolved": "2022.1.0",
        "contentHash": "ASfpoFJxiRsC9Xc4TWuPM41Zb/gl64xwfMOhnOZ3RnVWGYIZchjpWQV5zshJgoc/ZxVtgjaF7b577lURj7E6ig=="
      },
      "System.ValueTuple": {
        "type": "Direct",
        "requested": "[4.5.0, )",
        "resolved": "4.5.0",
        "contentHash": "okurQJO6NRE/apDIP23ajJ0hpiNmJ+f0BwOlB/cSqTLQlw5upkf+5+96+iG2Jw40G1fCVCyPz/FhIABUjMR+RQ=="
      },
      "Unosquare.Swan.Lite": {
        "type": "Transitive",
        "resolved": "3.0.0",
        "contentHash": "noPwJJl1Q9uparXy1ogtkmyAPGNfSGb0BLT1292nFH1jdMKje6o2kvvrQUvF9Xklj+IoiAI0UzF6Aqxlvo10lw=="
      }
    }
  }
}